
Microsoft Visual Studio Solution File, Format Version 12.00
# Visual Studio Version 17
VisualStudioVersion = 17.0.32126.317
MinimumVisualStudioVersion = 10.0.40219.1
Project("{FAE04EC0-301F-11D3-BF4B-00C04F79EFBC}") = "demoprj1", "demoprj1\demoprj1.csproj", "{7AC7B68C-17B3-43F3-BB65-4A922A41E729}"
EndProject
Global
	GlobalSection(SolutionConfigurationPlatforms) = preSolution
		Debug|Any CPU = Debug|Any CPU
		Release|Any CPU = Release|Any CPU
	EndGlobalSection
	GlobalSection(ProjectConfigurationPlatforms) = postSolution
		{7AC7B68C-17B3-43F3-BB65-4A922A41E729}.Debug|Any CPU.ActiveCfg = Debug|Any CPU
		{7AC7B68C-17B3-43F3-BB65-4A922A41E729}.Debug|Any CPU.Build.0 = Debug|Any CPU
		{7AC7B68C-17B3-43F3-BB65-4A922A41E729}.Release|Any CPU.ActiveCfg = Release|Any CPU
		{7AC7B68C-17B3-43F3-BB65-4A922A41E729}.Release|Any CPU.Build.0 = Release|Any CPU
	EndGlobalSection
	GlobalSection(SolutionProperties) = preSolution
		HideSolutionNode = FALSE
	EndGlobalSection
	GlobalSection(ExtensibilityGlobals) = postSolution
		SolutionGuid = {F70B8722-19EE-44F9-9D11-375151D1EDEA}
	EndGlobalSection
EndGlobal
